// !$*UTF8*$!
{
	archiveVersion = 1;
	classes = {
	};
	objectVersion = 46;
	objects = {

/* Begin PBXBuildFile section */
		7A0EFA5A177675C700C245B3 /* ProcessedCashFlow.m in Sources */ = {isa = PBXBuildFile; fileRef = 7A0EFA59177675C700C245B3 /* ProcessedCashFlow.m */; };
		7A0EFA5C177680C100C245B3 /* QuartzCore.framework in Frameworks */ = {isa = PBXBuildFile; fileRef = 7A0EFA5B177680C100C245B3 /* QuartzCore.framework */; };
		7A0EFA5E177680C700C245B3 /* Security.framework in Frameworks */ = {isa = PBXBuildFile; fileRef = 7A0EFA5D177680C700C245B3 /* Security.framework */; };
		7A4891A21751D33C00086E39 /* CashFlowService.m in Sources */ = {isa = PBXBuildFile; fileRef = 7A4891A11751D33C00086E39 /* CashFlowService.m */; };
		7A4891A51751D36400086E39 /* CashFlowsRepository.m in Sources */ = {isa = PBXBuildFile; fileRef = 7A4891A41751D36400086E39 /* CashFlowsRepository.m */; };
		7A4891A81751D37200086E39 /* PeriodsRepository.m in Sources */ = {isa = PBXBuildFile; fileRef = 7A4891A71751D37200086E39 /* PeriodsRepository.m */; };
		7A4891AB1751D38000086E39 /* PeriodInputDataRepository.m in Sources */ = {isa = PBXBuildFile; fileRef = 7A4891AA1751D38000086E39 /* PeriodInputDataRepository.m */; };
		7A4BCD0817519E5A00901881 /* UIKit.framework in Frameworks */ = {isa = PBXBuildFile; fileRef = 7A4BCD0717519E5A00901881 /* UIKit.framework */; };
		7A4BCD0A17519E5A00901881 /* Foundation.framework in Frameworks */ = {isa = PBXBuildFile; fileRef = 7A4BCD0917519E5A00901881 /* Foundation.framework */; };
		7A4BCD0C17519E5A00901881 /* CoreGraphics.framework in Frameworks */ = {isa = PBXBuildFile; fileRef = 7A4BCD0B17519E5A00901881 /* CoreGraphics.framework */; };
		7A4BCD0E17519E5A00901881 /* CoreData.framework in Frameworks */ = {isa = PBXBuildFile; fileRef = 7A4BCD0D17519E5A00901881 /* CoreData.framework */; };
		7A4BCD1417519E5A00901881 /* InfoPlist.strings in Resources */ = {isa = PBXBuildFile; fileRef = 7A4BCD1217519E5A00901881 /* InfoPlist.strings */; };
		7A4BCD1617519E5A00901881 /* main.m in Sources */ = {isa = PBXBuildFile; fileRef = 7A4BCD1517519E5A00901881 /* main.m */; };
		7A4BCD2C17519FFA00901881 /* AppDelegate.m in Sources */ = {isa = PBXBuildFile; fileRef = 7A4BCD2B17519FFA00901881 /* AppDelegate.m */; };
		7A4BCD401751A01E00901881 /* CashFlow.xcdatamodeld in Sources */ = {isa = PBXBuildFile; fileRef = 7A4BCD301751A01E00901881 /* CashFlow.xcdatamodeld */; };
		7A4BCD431751A1D400901881 /* UnitOfWork.m in Sources */ = {isa = PBXBuildFile; fileRef = 7A4BCD421751A1D400901881 /* UnitOfWork.m */; };
		7A4BCD4A1751A62600901881 /* MainStoryboard.storyboard in Resources */ = {isa = PBXBuildFile; fileRef = 7A4BCD491751A62600901881 /* MainStoryboard.storyboard */; };
		7A67C7721751F91B00136E15 /* IncomeTaxesExpenses.m in Sources */ = {isa = PBXBuildFile; fileRef = 7A67C7581751F91B00136E15 /* IncomeTaxesExpenses.m */; };
		7A67C7731751F91B00136E15 /* LoanExpenses.m in Sources */ = {isa = PBXBuildFile; fileRef = 7A67C75A1751F91B00136E15 /* LoanExpenses.m */; };
		7A67C7741751F91B00136E15 /* ManpowerExpenses.m in Sources */ = {isa = PBXBuildFile; fileRef = 7A67C75C1751F91B00136E15 /* ManpowerExpenses.m */; };
		7A67C7751751F91B00136E15 /* PeriodCashFlow.m in Sources */ = {isa = PBXBuildFile; fileRef = 7A67C75E1751F91B00136E15 /* PeriodCashFlow.m */; };
		7A67C7761751F91B00136E15 /* PeriodExpenses.m in Sources */ = {isa = PBXBuildFile; fileRef = 7A67C7601751F91B00136E15 /* PeriodExpenses.m */; };
		7A67C7771751F91B00136E15 /* PeriodIncomes.m in Sources */ = {isa = PBXBuildFile; fileRef = 7A67C7621751F91B00136E15 /* PeriodIncomes.m */; };
		7A67C7781751F91B00136E15 /* RawMaterialExpenses.m in Sources */ = {isa = PBXBuildFile; fileRef = 7A67C7641751F91B00136E15 /* RawMaterialExpenses.m */; };
		7A67C7791751F91B00136E15 /* SalaryExpenses.m in Sources */ = {isa = PBXBuildFile; fileRef = 7A67C7661751F91B00136E15 /* SalaryExpenses.m */; };
		7A67C77A1751F91B00136E15 /* SalesIncomes.m in Sources */ = {isa = PBXBuildFile; fileRef = 7A67C7681751F91B00136E15 /* SalesIncomes.m */; };
		7A67C77B1751F91B00136E15 /* PeriodPlannedCashFlow.m in Sources */ = {isa = PBXBuildFile; fileRef = 7A67C76B1751F91B00136E15 /* PeriodPlannedCashFlow.m */; };
		7A67C77C1751F91B00136E15 /* PeriodPlannedCashFlowSummary.m in Sources */ = {isa = PBXBuildFile; fileRef = 7A67C76D1751F91B00136E15 /* PeriodPlannedCashFlowSummary.m */; };
		7A67C77D1751F91B00136E15 /* PeriodPlannedExpenses.m in Sources */ = {isa = PBXBuildFile; fileRef = 7A67C76F1751F91B00136E15 /* PeriodPlannedExpenses.m */; };
		7A67C77E1751F91B00136E15 /* PeriodPlannedIncomes.m in Sources */ = {isa = PBXBuildFile; fileRef = 7A67C7711751F91B00136E15 /* PeriodPlannedIncomes.m */; };
		7A6D6F221763E31600F45108 /* CashFlowViewController.m in Sources */ = {isa = PBXBuildFile; fileRef = 7A6D6F211763E31600F45108 /* CashFlowViewController.m */; };
		7A7739201751A7E3006430A0 /* 44_no_sort.png in Resources */ = {isa = PBXBuildFile; fileRef = 7A7739191751A7E3006430A0 /* 44_no_sort.png */; };
		7A7739211751A7E3006430A0 /* 44_no_sort@2x.png in Resources */ = {isa = PBXBuildFile; fileRef = 7A77391A1751A7E3006430A0 /* 44_no_sort@2x.png */; };
		7A7739221751A7E3006430A0 /* 44_sort_down.png in Resources */ = {isa = PBXBuildFile; fileRef = 7A77391B1751A7E3006430A0 /* 44_sort_down.png */; };
		7A7739231751A7E3006430A0 /* 44_sort_down@2x.png in Resources */ = {isa = PBXBuildFile; fileRef = 7A77391C1751A7E3006430A0 /* 44_sort_down@2x.png */; };
		7A7739241751A7E3006430A0 /* 44_sort_up.png in Resources */ = {isa = PBXBuildFile; fileRef = 7A77391D1751A7E3006430A0 /* 44_sort_up.png */; };
		7A7739251751A7E3006430A0 /* 44_sort_up@2x.png in Resources */ = {isa = PBXBuildFile; fileRef = 7A77391E1751A7E3006430A0 /* 44_sort_up@2x.png */; };
		7A7739261751A7E3006430A0 /* ShinobiGrids.framework in Frameworks */ = {isa = PBXBuildFile; fileRef = 7A77391F1751A7E3006430A0 /* ShinobiGrids.framework */; };
		7A77392E1751A8B5006430A0 /* AlertViewsFactory.m in Sources */ = {isa = PBXBuildFile; fileRef = 7A77392D1751A8B5006430A0 /* AlertViewsFactory.m */; };
		7A7739341751A9DE006430A0 /* GenericRepository.m in Sources */ = {isa = PBXBuildFile; fileRef = 7A7739331751A9DE006430A0 /* GenericRepository.m */; };
		7A7739371751AADC006430A0 /* GenericService.m in Sources */ = {isa = PBXBuildFile; fileRef = 7A7739361751AADC006430A0 /* GenericService.m */; };
		7A9E0D74176535CC00E834D1 /* NSDate+Utilities.m in Sources */ = {isa = PBXBuildFile; fileRef = 7A9E0D73176535CC00E834D1 /* NSDate+Utilities.m */; };
		7A9E0D771765516000E834D1 /* CashFlow.m in Sources */ = {isa = PBXBuildFile; fileRef = 7A9E0D761765516000E834D1 /* CashFlow.m */; };
		7A9E0D7A1765516100E834D1 /* PeriodInputData.m in Sources */ = {isa = PBXBuildFile; fileRef = 7A9E0D791765516100E834D1 /* PeriodInputData.m */; };
		7A9E0D7D1765516100E834D1 /* Period.m in Sources */ = {isa = PBXBuildFile; fileRef = 7A9E0D7C1765516100E834D1 /* Period.m */; };
		7A9E0D9317655C1400E834D1 /* FirstPeriodInputData.m in Sources */ = {isa = PBXBuildFile; fileRef = 7A9E0D9217655C1400E834D1 /* FirstPeriodInputData.m */; };
		7A9E0D961765930D00E834D1 /* FirstPeriodInputDataRepository.m in Sources */ = {isa = PBXBuildFile; fileRef = 7A9E0D951765930D00E834D1 /* FirstPeriodInputDataRepository.m */; };
		A112FF2C17773AD4003A33EE /* bg_cork.png in Resources */ = {isa = PBXBuildFile; fileRef = A112FF2A17773AD4003A33EE /* bg_cork.png */; };
		A112FF2D17773AD4003A33EE /* bg_cork@2x.png in Resources */ = {isa = PBXBuildFile; fileRef = A112FF2B17773AD4003A33EE /* bg_cork@2x.png */; };
		A112FF3217775346003A33EE /* FirstInputDataView.m in Sources */ = {isa = PBXBuildFile; fileRef = A112FF3117775346003A33EE /* FirstInputDataView.m */; };
		A112FF351777539C003A33EE /* InputDataView.m in Sources */ = {isa = PBXBuildFile; fileRef = A112FF341777539C003A33EE /* InputDataView.m */; };
		A112FF3817776459003A33EE /* Messages.plist in Resources */ = {isa = PBXBuildFile; fileRef = A112FF3717776459003A33EE /* Messages.plist */; };
		A1EA03181753CEAC0030B611 /* MainMenuViewController.m in Sources */ = {isa = PBXBuildFile; fileRef = A1EA03171753CEAC0030B611 /* MainMenuViewController.m */; };
/* End PBXBuildFile section */

/* Begin PBXFileReference section */
		7A0EFA58177675C700C245B3 /* ProcessedCashFlow.h */ = {isa = PBXFileReference; fileEncoding = 4; lastKnownFileType = sourcecode.c.h; path = ProcessedCashFlow.h; sourceTree = "<group>"; };
		7A0EFA59177675C700C245B3 /* ProcessedCashFlow.m */ = {isa = PBXFileReference; fileEncoding = 4; lastKnownFileType = sourcecode.c.objc; path = ProcessedCashFlow.m; sourceTree = "<group>"; };
		7A0EFA5B177680C100C245B3 /* QuartzCore.framework */ = {isa = PBXFileReference; lastKnownFileType = wrapper.framework; name = QuartzCore.framework; path = System/Library/Frameworks/QuartzCore.framework; sourceTree = SDKROOT; };
		7A0EFA5D177680C700C245B3 /* Security.framework */ = {isa = PBXFileReference; lastKnownFileType = wrapper.framework; name = Security.framework; path = System/Library/Frameworks/Security.framework; sourceTree = SDKROOT; };
		7A4891891751B02C00086E39 /* CashFlowPeriodType.h */ = {isa = PBXFileReference; fileEncoding = 4; lastKnownFileType = sourcecode.c.h; path = CashFlowPeriodType.h; sourceTree = "<group>"; };
		7A4891A01751D33C00086E39 /* CashFlowService.h */ = {isa = PBXFileReference; fileEncoding = 4; lastKnownFileType = sourcecode.c.h; path = CashFlowService.h; sourceTree = "<group>"; };
		7A4891A11751D33C00086E39 /* CashFlowService.m */ = {isa = PBXFileReference; fileEncoding = 4; lastKnownFileType = sourcecode.c.objc; path = CashFlowService.m; sourceTree = "<group>"; };
		7A4891A31751D36400086E39 /* CashFlowsRepository.h */ = {isa = PBXFileReference; fileEncoding = 4; lastKnownFileType = sourcecode.c.h; path = CashFlowsRepository.h; sourceTree = "<group>"; };
		7A4891A41751D36400086E39 /* CashFlowsRepository.m */ = {isa = PBXFileReference; fileEncoding = 4; lastKnownFileType = sourcecode.c.objc; path = CashFlowsRepository.m; sourceTree = "<group>"; };
		7A4891A61751D37200086E39 /* PeriodsRepository.h */ = {isa = PBXFileReference; fileEncoding = 4; lastKnownFileType = sourcecode.c.h; path = PeriodsRepository.h; sourceTree = "<group>"; };
		7A4891A71751D37200086E39 /* PeriodsRepository.m */ = {isa = PBXFileReference; fileEncoding = 4; lastKnownFileType = sourcecode.c.objc; path = PeriodsRepository.m; sourceTree = "<group>"; };
		7A4891A91751D38000086E39 /* PeriodInputDataRepository.h */ = {isa = PBXFileReference; fileEncoding = 4; lastKnownFileType = sourcecode.c.h; path = PeriodInputDataRepository.h; sourceTree = "<group>"; };
		7A4891AA1751D38000086E39 /* PeriodInputDataRepository.m */ = {isa = PBXFileReference; fileEncoding = 4; lastKnownFileType = sourcecode.c.objc; path = PeriodInputDataRepository.m; sourceTree = "<group>"; };
		7A4BCD0417519E5A00901881 /* CashFlow.app */ = {isa = PBXFileReference; explicitFileType = wrapper.application; includeInIndex = 0; path = CashFlow.app; sourceTree = BUILT_PRODUCTS_DIR; };
		7A4BCD0717519E5A00901881 /* UIKit.framework */ = {isa = PBXFileReference; lastKnownFileType = wrapper.framework; name = UIKit.framework; path = System/Library/Frameworks/UIKit.framework; sourceTree = SDKROOT; };
		7A4BCD0917519E5A00901881 /* Foundation.framework */ = {isa = PBXFileReference; lastKnownFileType = wrapper.framework; name = Foundation.framework; path = System/Library/Frameworks/Foundation.framework; sourceTree = SDKROOT; };
		7A4BCD0B17519E5A00901881 /* CoreGraphics.framework */ = {isa = PBXFileReference; lastKnownFileType = wrapper.framework; name = CoreGraphics.framework; path = System/Library/Frameworks/CoreGraphics.framework; sourceTree = SDKROOT; };
		7A4BCD0D17519E5A00901881 /* CoreData.framework */ = {isa = PBXFileReference; lastKnownFileType = wrapper.framework; name = CoreData.framework; path = System/Library/Frameworks/CoreData.framework; sourceTree = SDKROOT; };
		7A4BCD1117519E5A00901881 /* CashFlow-Info.plist */ = {isa = PBXFileReference; lastKnownFileType = text.plist.xml; path = "CashFlow-Info.plist"; sourceTree = "<group>"; };
		7A4BCD1317519E5A00901881 /* en */ = {isa = PBXFileReference; lastKnownFileType = text.plist.strings; name = en; path = en.lproj/InfoPlist.strings; sourceTree = "<group>"; };
		7A4BCD1517519E5A00901881 /* main.m */ = {isa = PBXFileReference; lastKnownFileType = sourcecode.c.objc; path = main.m; sourceTree = "<group>"; };
		7A4BCD1717519E5A00901881 /* CashFlow-Prefix.pch */ = {isa = PBXFileReference; lastKnownFileType = sourcecode.c.h; path = "CashFlow-Prefix.pch"; sourceTree = "<group>"; };
		7A4BCD2A17519FFA00901881 /* AppDelegate.h */ = {isa = PBXFileReference; fileEncoding = 4; lastKnownFileType = sourcecode.c.h; path = AppDelegate.h; sourceTree = "<group>"; };
		7A4BCD2B17519FFA00901881 /* AppDelegate.m */ = {isa = PBXFileReference; fileEncoding = 4; lastKnownFileType = sourcecode.c.objc; path = AppDelegate.m; sourceTree = "<group>"; };
		7A4BCD311751A01E00901881 /* CashFlow.xcdatamodel */ = {isa = PBXFileReference; lastKnownFileType = wrapper.xcdatamodel; path = CashFlow.xcdatamodel; sourceTree = "<group>"; };
		7A4BCD411751A1D400901881 /* UnitOfWork.h */ = {isa = PBXFileReference; fileEncoding = 4; lastKnownFileType = sourcecode.c.h; path = UnitOfWork.h; sourceTree = "<group>"; };
		7A4BCD421751A1D400901881 /* UnitOfWork.m */ = {isa = PBXFileReference; fileEncoding = 4; lastKnownFileType = sourcecode.c.objc; path = UnitOfWork.m; sourceTree = "<group>"; };
		7A4BCD491751A62600901881 /* MainStoryboard.storyboard */ = {isa = PBXFileReference; fileEncoding = 4; lastKnownFileType = file.storyboard; path = MainStoryboard.storyboard; sourceTree = "<group>"; };
		7A67C7571751F91B00136E15 /* IncomeTaxesExpenses.h */ = {isa = PBXFileReference; fileEncoding = 4; lastKnownFileType = sourcecode.c.h; path = IncomeTaxesExpenses.h; sourceTree = "<group>"; };
		7A67C7581751F91B00136E15 /* IncomeTaxesExpenses.m */ = {isa = PBXFileReference; fileEncoding = 4; lastKnownFileType = sourcecode.c.objc; path = IncomeTaxesExpenses.m; sourceTree = "<group>"; };
		7A67C7591751F91B00136E15 /* LoanExpenses.h */ = {isa = PBXFileReference; fileEncoding = 4; lastKnownFileType = sourcecode.c.h; path = LoanExpenses.h; sourceTree = "<group>"; };
		7A67C75A1751F91B00136E15 /* LoanExpenses.m */ = {isa = PBXFileReference; fileEncoding = 4; lastKnownFileType = sourcecode.c.objc; path = LoanExpenses.m; sourceTree = "<group>"; };
		7A67C75B1751F91B00136E15 /* ManpowerExpenses.h */ = {isa = PBXFileReference; fileEncoding = 4; lastKnownFileType = sourcecode.c.h; path = ManpowerExpenses.h; sourceTree = "<group>"; };
		7A67C75C1751F91B00136E15 /* ManpowerExpenses.m */ = {isa = PBXFileReference; fileEncoding = 4; lastKnownFileType = sourcecode.c.objc; path = ManpowerExpenses.m; sourceTree = "<group>"; };
		7A67C75D1751F91B00136E15 /* PeriodCashFlow.h */ = {isa = PBXFileReference; fileEncoding = 4; lastKnownFileType = sourcecode.c.h; path = PeriodCashFlow.h; sourceTree = "<group>"; };
		7A67C75E1751F91B00136E15 /* PeriodCashFlow.m */ = {isa = PBXFileReference; fileEncoding = 4; lastKnownFileType = sourcecode.c.objc; path = PeriodCashFlow.m; sourceTree = "<group>"; };
		7A67C75F1751F91B00136E15 /* PeriodExpenses.h */ = {isa = PBXFileReference; fileEncoding = 4; lastKnownFileType = sourcecode.c.h; path = PeriodExpenses.h; sourceTree = "<group>"; };
		7A67C7601751F91B00136E15 /* PeriodExpenses.m */ = {isa = PBXFileReference; fileEncoding = 4; lastKnownFileType = sourcecode.c.objc; path = PeriodExpenses.m; sourceTree = "<group>"; };
		7A67C7611751F91B00136E15 /* PeriodIncomes.h */ = {isa = PBXFileReference; fileEncoding = 4; lastKnownFileType = sourcecode.c.h; path = PeriodIncomes.h; sourceTree = "<group>"; };
		7A67C7621751F91B00136E15 /* PeriodIncomes.m */ = {isa = PBXFileReference; fileEncoding = 4; lastKnownFileType = sourcecode.c.objc; path = PeriodIncomes.m; sourceTree = "<group>"; };
		7A67C7631751F91B00136E15 /* RawMaterialExpenses.h */ = {isa = PBXFileReference; fileEncoding = 4; lastKnownFileType = sourcecode.c.h; path = RawMaterialExpenses.h; sourceTree = "<group>"; };
		7A67C7641751F91B00136E15 /* RawMaterialExpenses.m */ = {isa = PBXFileReference; fileEncoding = 4; lastKnownFileType = sourcecode.c.objc; path = RawMaterialExpenses.m; sourceTree = "<group>"; };
		7A67C7651751F91B00136E15 /* SalaryExpenses.h */ = {isa = PBXFileReference; fileEncoding = 4; lastKnownFileType = sourcecode.c.h; path = SalaryExpenses.h; sourceTree = "<group>"; };
		7A67C7661751F91B00136E15 /* SalaryExpenses.m */ = {isa = PBXFileReference; fileEncoding = 4; lastKnownFileType = sourcecode.c.objc; path = SalaryExpenses.m; sourceTree = "<group>"; };
		7A67C7671751F91B00136E15 /* SalesIncomes.h */ = {isa = PBXFileReference; fileEncoding = 4; lastKnownFileType = sourcecode.c.h; path = SalesIncomes.h; sourceTree = "<group>"; };
		7A67C7681751F91B00136E15 /* SalesIncomes.m */ = {isa = PBXFileReference; fileEncoding = 4; lastKnownFileType = sourcecode.c.objc; path = SalesIncomes.m; sourceTree = "<group>"; };
		7A67C76A1751F91B00136E15 /* PeriodPlannedCashFlow.h */ = {isa = PBXFileReference; fileEncoding = 4; lastKnownFileType = sourcecode.c.h; path = PeriodPlannedCashFlow.h; sourceTree = "<group>"; };
		7A67C76B1751F91B00136E15 /* PeriodPlannedCashFlow.m */ = {isa = PBXFileReference; fileEncoding = 4; lastKnownFileType = sourcecode.c.objc; path = PeriodPlannedCashFlow.m; sourceTree = "<group>"; };
		7A67C76C1751F91B00136E15 /* PeriodPlannedCashFlowSummary.h */ = {isa = PBXFileReference; fileEncoding = 4; lastKnownFileType = sourcecode.c.h; path = PeriodPlannedCashFlowSummary.h; sourceTree = "<group>"; };
		7A67C76D1751F91B00136E15 /* PeriodPlannedCashFlowSummary.m */ = {isa = PBXFileReference; fileEncoding = 4; lastKnownFileType = sourcecode.c.objc; path = PeriodPlannedCashFlowSummary.m; sourceTree = "<group>"; };
		7A67C76E1751F91B00136E15 /* PeriodPlannedExpenses.h */ = {isa = PBXFileReference; fileEncoding = 4; lastKnownFileType = sourcecode.c.h; path = PeriodPlannedExpenses.h; sourceTree = "<group>"; };
		7A67C76F1751F91B00136E15 /* PeriodPlannedExpenses.m */ = {isa = PBXFileReference; fileEncoding = 4; lastKnownFileType = sourcecode.c.objc; path = PeriodPlannedExpenses.m; sourceTree = "<group>"; };
		7A67C7701751F91B00136E15 /* PeriodPlannedIncomes.h */ = {isa = PBXFileReference; fileEncoding = 4; lastKnownFileType = sourcecode.c.h; path = PeriodPlannedIncomes.h; sourceTree = "<group>"; };
		7A67C7711751F91B00136E15 /* PeriodPlannedIncomes.m */ = {isa = PBXFileReference; fileEncoding = 4; lastKnownFileType = sourcecode.c.objc; path = PeriodPlannedIncomes.m; sourceTree = "<group>"; };
		7A6D6F201763E31600F45108 /* CashFlowViewController.h */ = {isa = PBXFileReference; fileEncoding = 4; lastKnownFileType = sourcecode.c.h; path = CashFlowViewController.h; sourceTree = "<group>"; };
		7A6D6F211763E31600F45108 /* CashFlowViewController.m */ = {isa = PBXFileReference; fileEncoding = 4; lastKnownFileType = sourcecode.c.objc; path = CashFlowViewController.m; sourceTree = "<group>"; };
		7A7739191751A7E3006430A0 /* 44_no_sort.png */ = {isa = PBXFileReference; lastKnownFileType = image.png; path = 44_no_sort.png; sourceTree = "<group>"; };
		7A77391A1751A7E3006430A0 /* 44_no_sort@2x.png */ = {isa = PBXFileReference; lastKnownFileType = image.png; path = "44_no_sort@2x.png"; sourceTree = "<group>"; };
		7A77391B1751A7E3006430A0 /* 44_sort_down.png */ = {isa = PBXFileReference; lastKnownFileType = image.png; path = 44_sort_down.png; sourceTree = "<group>"; };
		7A77391C1751A7E3006430A0 /* 44_sort_down@2x.png */ = {isa = PBXFileReference; lastKnownFileType = image.png; path = "44_sort_down@2x.png"; sourceTree = "<group>"; };
		7A77391D1751A7E3006430A0 /* 44_sort_up.png */ = {isa = PBXFileReference; lastKnownFileType = image.png; path = 44_sort_up.png; sourceTree = "<group>"; };
		7A77391E1751A7E3006430A0 /* 44_sort_up@2x.png */ = {isa = PBXFileReference; lastKnownFileType = image.png; path = "44_sort_up@2x.png"; sourceTree = "<group>"; };
		7A77391F1751A7E3006430A0 /* ShinobiGrids.framework */ = {isa = PBXFileReference; lastKnownFileType = wrapper.framework; path = ShinobiGrids.framework; sourceTree = "<group>"; };
		7A77392C1751A8B5006430A0 /* AlertViewsFactory.h */ = {isa = PBXFileReference; fileEncoding = 4; lastKnownFileType = sourcecode.c.h; path = AlertViewsFactory.h; sourceTree = "<group>"; };
		7A77392D1751A8B5006430A0 /* AlertViewsFactory.m */ = {isa = PBXFileReference; fileEncoding = 4; lastKnownFileType = sourcecode.c.objc; path = AlertViewsFactory.m; sourceTree = "<group>"; };
		7A77392F1751A9A8006430A0 /* ApplicationConstants.h */ = {isa = PBXFileReference; fileEncoding = 4; lastKnownFileType = sourcecode.c.h; path = ApplicationConstants.h; sourceTree = "<group>"; };
		7A7739321751A9DE006430A0 /* GenericRepository.h */ = {isa = PBXFileReference; fileEncoding = 4; lastKnownFileType = sourcecode.c.h; path = GenericRepository.h; sourceTree = "<group>"; };
		7A7739331751A9DE006430A0 /* GenericRepository.m */ = {isa = PBXFileReference; fileEncoding = 4; lastKnownFileType = sourcecode.c.objc; path = GenericRepository.m; sourceTree = "<group>"; };
		7A7739351751AADC006430A0 /* GenericService.h */ = {isa = PBXFileReference; fileEncoding = 4; lastKnownFileType = sourcecode.c.h; path = GenericService.h; sourceTree = "<group>"; };
		7A7739361751AADC006430A0 /* GenericService.m */ = {isa = PBXFileReference; fileEncoding = 4; lastKnownFileType = sourcecode.c.objc; path = GenericService.m; sourceTree = "<group>"; };
		7A9E0D72176535CC00E834D1 /* NSDate+Utilities.h */ = {isa = PBXFileReference; fileEncoding = 4; lastKnownFileType = sourcecode.c.h; path = "NSDate+Utilities.h"; sourceTree = "<group>"; };
		7A9E0D73176535CC00E834D1 /* NSDate+Utilities.m */ = {isa = PBXFileReference; fileEncoding = 4; lastKnownFileType = sourcecode.c.objc; path = "NSDate+Utilities.m"; sourceTree = "<group>"; };
		7A9E0D751765516000E834D1 /* CashFlow.h */ = {isa = PBXFileReference; fileEncoding = 4; lastKnownFileType = sourcecode.c.h; path = CashFlow.h; sourceTree = "<group>"; };
		7A9E0D761765516000E834D1 /* CashFlow.m */ = {isa = PBXFileReference; fileEncoding = 4; lastKnownFileType = sourcecode.c.objc; path = CashFlow.m; sourceTree = "<group>"; };
		7A9E0D781765516100E834D1 /* PeriodInputData.h */ = {isa = PBXFileReference; fileEncoding = 4; lastKnownFileType = sourcecode.c.h; path = PeriodInputData.h; sourceTree = "<group>"; };
		7A9E0D791765516100E834D1 /* PeriodInputData.m */ = {isa = PBXFileReference; fileEncoding = 4; lastKnownFileType = sourcecode.c.objc; path = PeriodInputData.m; sourceTree = "<group>"; };
		7A9E0D7B1765516100E834D1 /* Period.h */ = {isa = PBXFileReference; fileEncoding = 4; lastKnownFileType = sourcecode.c.h; path = Period.h; sourceTree = "<group>"; };
		7A9E0D7C1765516100E834D1 /* Period.m */ = {isa = PBXFileReference; fileEncoding = 4; lastKnownFileType = sourcecode.c.objc; path = Period.m; sourceTree = "<group>"; };
		7A9E0D9117655C1400E834D1 /* FirstPeriodInputData.h */ = {isa = PBXFileReference; fileEncoding = 4; lastKnownFileType = sourcecode.c.h; path = FirstPeriodInputData.h; sourceTree = "<group>"; };
		7A9E0D9217655C1400E834D1 /* FirstPeriodInputData.m */ = {isa = PBXFileReference; fileEncoding = 4; lastKnownFileType = sourcecode.c.objc; path = FirstPeriodInputData.m; sourceTree = "<group>"; };
		7A9E0D941765930D00E834D1 /* FirstPeriodInputDataRepository.h */ = {isa = PBXFileReference; fileEncoding = 4; lastKnownFileType = sourcecode.c.h; path = FirstPeriodInputDataRepository.h; sourceTree = "<group>"; };
		7A9E0D951765930D00E834D1 /* FirstPeriodInputDataRepository.m */ = {isa = PBXFileReference; fileEncoding = 4; lastKnownFileType = sourcecode.c.objc; path = FirstPeriodInputDataRepository.m; sourceTree = "<group>"; };
		A112FF2A17773AD4003A33EE /* bg_cork.png */ = {isa = PBXFileReference; lastKnownFileType = image.png; path = bg_cork.png; sourceTree = "<group>"; };
		A112FF2B17773AD4003A33EE /* bg_cork@2x.png */ = {isa = PBXFileReference; lastKnownFileType = image.png; path = "bg_cork@2x.png"; sourceTree = "<group>"; };
		A112FF3017775346003A33EE /* FirstInputDataView.h */ = {isa = PBXFileReference; fileEncoding = 4; lastKnownFileType = sourcecode.c.h; path = FirstInputDataView.h; sourceTree = "<group>"; };
		A112FF3117775346003A33EE /* FirstInputDataView.m */ = {isa = PBXFileReference; fileEncoding = 4; lastKnownFileType = sourcecode.c.objc; path = FirstInputDataView.m; sourceTree = "<group>"; };
		A112FF331777539C003A33EE /* InputDataView.h */ = {isa = PBXFileReference; fileEncoding = 4; lastKnownFileType = sourcecode.c.h; path = InputDataView.h; sourceTree = "<group>"; };
		A112FF341777539C003A33EE /* InputDataView.m */ = {isa = PBXFileReference; fileEncoding = 4; lastKnownFileType = sourcecode.c.objc; path = InputDataView.m; sourceTree = "<group>"; };
		A112FF3717776459003A33EE /* Messages.plist */ = {isa = PBXFileReference; fileEncoding = 4; lastKnownFileType = text.plist.xml; path = Messages.plist; sourceTree = "<group>"; };
		A1EA03161753CEAC0030B611 /* MainMenuViewController.h */ = {isa = PBXFileReference; fileEncoding = 4; lastKnownFileType = sourcecode.c.h; path = MainMenuViewController.h; sourceTree = "<group>"; };
		A1EA03171753CEAC0030B611 /* MainMenuViewController.m */ = {isa = PBXFileReference; fileEncoding = 4; lastKnownFileType = sourcecode.c.objc; path = MainMenuViewController.m; sourceTree = "<group>"; };
/* End PBXFileReference section */

/* Begin PBXFrameworksBuildPhase section */
		7A4BCD0117519E5A00901881 /* Frameworks */ = {
			isa = PBXFrameworksBuildPhase;
			buildActionMask = 2147483647;
			files = (
				7A0EFA5E177680C700C245B3 /* Security.framework in Frameworks */,
				7A0EFA5C177680C100C245B3 /* QuartzCore.framework in Frameworks */,
				7A4BCD0817519E5A00901881 /* UIKit.framework in Frameworks */,
				7A4BCD0A17519E5A00901881 /* Foundation.framework in Frameworks */,
				7A4BCD0C17519E5A00901881 /* CoreGraphics.framework in Frameworks */,
				7A4BCD0E17519E5A00901881 /* CoreData.framework in Frameworks */,
				7A7739261751A7E3006430A0 /* ShinobiGrids.framework in Frameworks */,
			);
			runOnlyForDeploymentPostprocessing = 0;
		};
/* End PBXFrameworksBuildPhase section */

/* Begin PBXGroup section */
		7A48918D1751C3BE00086E39 /* Processed Entities */ = {
			isa = PBXGroup;
			children = (
				7A67C7561751F91B00136E15 /* Period Cash Flow */,
				7A67C7691751F91B00136E15 /* Period Planned Cash Flow */,
				7A0EFA58177675C700C245B3 /* ProcessedCashFlow.h */,
				7A0EFA59177675C700C245B3 /* ProcessedCashFlow.m */,
			);
			path = "Processed Entities";
			sourceTree = "<group>";
		};
		7A4891C81751E00600086E39 /* Managed Objects */ = {
			isa = PBXGroup;
			children = (
				7A9E0D7B1765516100E834D1 /* Period.h */,
				7A9E0D7C1765516100E834D1 /* Period.m */,
				7A9E0D781765516100E834D1 /* PeriodInputData.h */,
				7A9E0D791765516100E834D1 /* PeriodInputData.m */,
				7A9E0D751765516000E834D1 /* CashFlow.h */,
				7A9E0D761765516000E834D1 /* CashFlow.m */,
				7A9E0D9117655C1400E834D1 /* FirstPeriodInputData.h */,
				7A9E0D9217655C1400E834D1 /* FirstPeriodInputData.m */,
			);
			path = "Managed Objects";
			sourceTree = "<group>";
		};
		7A4BCCFB17519E5A00901881 = {
			isa = PBXGroup;
			children = (
				7A4BCD0F17519E5A00901881 /* CashFlow */,
				A1EA03261753D73B0030B611 /* Libraries */,
				7A4BCD0617519E5A00901881 /* Frameworks */,
				7A4BCD0517519E5A00901881 /* Products */,
			);
			sourceTree = "<group>";
		};
		7A4BCD0517519E5A00901881 /* Products */ = {
			isa = PBXGroup;
			children = (
				7A4BCD0417519E5A00901881 /* CashFlow.app */,
			);
			name = Products;
			sourceTree = "<group>";
		};
		7A4BCD0617519E5A00901881 /* Frameworks */ = {
			isa = PBXGroup;
			children = (
				7A0EFA5D177680C700C245B3 /* Security.framework */,
				7A0EFA5B177680C100C245B3 /* QuartzCore.framework */,
				7A7739171751A7E3006430A0 /* ShinobiGrids.embeddedframework */,
				7A4BCD0717519E5A00901881 /* UIKit.framework */,
				7A4BCD0917519E5A00901881 /* Foundation.framework */,
				7A4BCD0B17519E5A00901881 /* CoreGraphics.framework */,
				7A4BCD0D17519E5A00901881 /* CoreData.framework */,
			);
			name = Frameworks;
			sourceTree = "<group>";
		};
		7A4BCD0F17519E5A00901881 /* CashFlow */ = {
			isa = PBXGroup;
			children = (
				7A4BCD2917519FFA00901881 /* AppDelegate */,
				7A9E0D71176535CC00E834D1 /* Categories */,
				7A77392B1751A8A1006430A0 /* Factories */,
				A1EA03151753CEAC0030B611 /* Controllers */,
				7A4BCD2E1751A01E00901881 /* Model */,
				A1EA03191753D4980030B611 /* Protocols */,
				7A4BCD3A1751A01E00901881 /* Resources */,
				7A4BCD3B1751A01E00901881 /* Views */,
				7A4BCD1017519E5A00901881 /* Supporting Files */,
			);
			path = CashFlow;
			sourceTree = "<group>";
		};
		7A4BCD1017519E5A00901881 /* Supporting Files */ = {
			isa = PBXGroup;
			children = (
				7A4BCD1117519E5A00901881 /* CashFlow-Info.plist */,
				7A4BCD1217519E5A00901881 /* InfoPlist.strings */,
				7A4BCD1517519E5A00901881 /* main.m */,
				7A4BCD1717519E5A00901881 /* CashFlow-Prefix.pch */,
			);
			name = "Supporting Files";
			sourceTree = "<group>";
		};
		7A4BCD2917519FFA00901881 /* AppDelegate */ = {
			isa = PBXGroup;
			children = (
				7A4BCD2A17519FFA00901881 /* AppDelegate.h */,
				7A4BCD2B17519FFA00901881 /* AppDelegate.m */,
			);
			path = AppDelegate;
			sourceTree = "<group>";
		};
		7A4BCD2E1751A01E00901881 /* Model */ = {
			isa = PBXGroup;
			children = (
				7A4BCD2F1751A01E00901881 /* CoreData Model */,
				7A4BCD321751A01E00901881 /* Entities */,
				7A4BCD331751A01E00901881 /* Enums */,
				7A4BCD341751A01E00901881 /* Repositories */,
				7A4BCD351751A01E00901881 /* Services */,
				7A4BCD361751A01E00901881 /* Unit of Work */,
			);
			path = Model;
			sourceTree = "<group>";
		};
		7A4BCD2F1751A01E00901881 /* CoreData Model */ = {
			isa = PBXGroup;
			children = (
				7A4BCD301751A01E00901881 /* CashFlow.xcdatamodeld */,
			);
			path = "CoreData Model";
			sourceTree = "<group>";
		};
		7A4BCD321751A01E00901881 /* Entities */ = {
			isa = PBXGroup;
			children = (
				7A4891C81751E00600086E39 /* Managed Objects */,
				7A48918D1751C3BE00086E39 /* Processed Entities */,
			);
			path = Entities;
			sourceTree = "<group>";
		};
		7A4BCD331751A01E00901881 /* Enums */ = {
			isa = PBXGroup;
			children = (
				7A4891891751B02C00086E39 /* CashFlowPeriodType.h */,
			);
			path = Enums;
			sourceTree = "<group>";
		};
		7A4BCD341751A01E00901881 /* Repositories */ = {
			isa = PBXGroup;
			children = (
				7A7739321751A9DE006430A0 /* GenericRepository.h */,
				7A7739331751A9DE006430A0 /* GenericRepository.m */,
				7A4891A31751D36400086E39 /* CashFlowsRepository.h */,
				7A4891A41751D36400086E39 /* CashFlowsRepository.m */,
				7A4891A61751D37200086E39 /* PeriodsRepository.h */,
				7A4891A71751D37200086E39 /* PeriodsRepository.m */,
				7A4891A91751D38000086E39 /* PeriodInputDataRepository.h */,
				7A4891AA1751D38000086E39 /* PeriodInputDataRepository.m */,
				7A9E0D941765930D00E834D1 /* FirstPeriodInputDataRepository.h */,
				7A9E0D951765930D00E834D1 /* FirstPeriodInputDataRepository.m */,
			);
			path = Repositories;
			sourceTree = "<group>";
		};
		7A4BCD351751A01E00901881 /* Services */ = {
			isa = PBXGroup;
			children = (
				7A7739351751AADC006430A0 /* GenericService.h */,
				7A7739361751AADC006430A0 /* GenericService.m */,
				7A4891A01751D33C00086E39 /* CashFlowService.h */,
				7A4891A11751D33C00086E39 /* CashFlowService.m */,
			);
			path = Services;
			sourceTree = "<group>";
		};
		7A4BCD361751A01E00901881 /* Unit of Work */ = {
			isa = PBXGroup;
			children = (
				7A4BCD411751A1D400901881 /* UnitOfWork.h */,
				7A4BCD421751A1D400901881 /* UnitOfWork.m */,
			);
			path = "Unit of Work";
			sourceTree = "<group>";
		};
		7A4BCD3A1751A01E00901881 /* Resources */ = {
			isa = PBXGroup;
			children = (
				7A4BCD441751A2AF00901881 /* Constants */,
				A1EA03201753D4CB0030B611 /* Images */,
				A112FF36177763FF003A33EE /* Property lists */,
			);
			path = Resources;
			sourceTree = "<group>";
		};
		7A4BCD3B1751A01E00901881 /* Views */ = {
			isa = PBXGroup;
			children = (
				A1EA03231753D5A60030B611 /* Custom Views */,
				7A4BCD3F1751A01E00901881 /* Storyboards */,
			);
			path = Views;
			sourceTree = "<group>";
		};
		7A4BCD3F1751A01E00901881 /* Storyboards */ = {
			isa = PBXGroup;
			children = (
				7A4BCD491751A62600901881 /* MainStoryboard.storyboard */,
			);
			path = Storyboards;
			sourceTree = "<group>";
		};
		7A4BCD441751A2AF00901881 /* Constants */ = {
			isa = PBXGroup;
			children = (
				7A77392F1751A9A8006430A0 /* ApplicationConstants.h */,
			);
			path = Constants;
			sourceTree = "<group>";
		};
		7A67C7561751F91B00136E15 /* Period Cash Flow */ = {
			isa = PBXGroup;
			children = (
				7A67C7571751F91B00136E15 /* IncomeTaxesExpenses.h */,
				7A67C7581751F91B00136E15 /* IncomeTaxesExpenses.m */,
				7A67C7591751F91B00136E15 /* LoanExpenses.h */,
				7A67C75A1751F91B00136E15 /* LoanExpenses.m */,
				7A67C75B1751F91B00136E15 /* ManpowerExpenses.h */,
				7A67C75C1751F91B00136E15 /* ManpowerExpenses.m */,
				7A67C75D1751F91B00136E15 /* PeriodCashFlow.h */,
				7A67C75E1751F91B00136E15 /* PeriodCashFlow.m */,
				7A67C75F1751F91B00136E15 /* PeriodExpenses.h */,
				7A67C7601751F91B00136E15 /* PeriodExpenses.m */,
				7A67C7611751F91B00136E15 /* PeriodIncomes.h */,
				7A67C7621751F91B00136E15 /* PeriodIncomes.m */,
				7A67C7631751F91B00136E15 /* RawMaterialExpenses.h */,
				7A67C7641751F91B00136E15 /* RawMaterialExpenses.m */,
				7A67C7651751F91B00136E15 /* SalaryExpenses.h */,
				7A67C7661751F91B00136E15 /* SalaryExpenses.m */,
				7A67C7671751F91B00136E15 /* SalesIncomes.h */,
				7A67C7681751F91B00136E15 /* SalesIncomes.m */,
			);
			path = "Period Cash Flow";
			sourceTree = "<group>";
		};
		7A67C7691751F91B00136E15 /* Period Planned Cash Flow */ = {
			isa = PBXGroup;
			children = (
				7A67C76A1751F91B00136E15 /* PeriodPlannedCashFlow.h */,
				7A67C76B1751F91B00136E15 /* PeriodPlannedCashFlow.m */,
				7A67C76C1751F91B00136E15 /* PeriodPlannedCashFlowSummary.h */,
				7A67C76D1751F91B00136E15 /* PeriodPlannedCashFlowSummary.m */,
				7A67C76E1751F91B00136E15 /* PeriodPlannedExpenses.h */,
				7A67C76F1751F91B00136E15 /* PeriodPlannedExpenses.m */,
				7A67C7701751F91B00136E15 /* PeriodPlannedIncomes.h */,
				7A67C7711751F91B00136E15 /* PeriodPlannedIncomes.m */,
			);
			path = "Period Planned Cash Flow";
			sourceTree = "<group>";
		};
		7A7739171751A7E3006430A0 /* ShinobiGrids.embeddedframework */ = {
			isa = PBXGroup;
			children = (
				7A7739181751A7E3006430A0 /* Resources */,
				7A77391F1751A7E3006430A0 /* ShinobiGrids.framework */,
			);
			name = ShinobiGrids.embeddedframework;
			path = Frameworks/ShinobiGrids.embeddedframework;
			sourceTree = "<group>";
		};
		7A7739181751A7E3006430A0 /* Resources */ = {
			isa = PBXGroup;
			children = (
				7A7739191751A7E3006430A0 /* 44_no_sort.png */,
				7A77391A1751A7E3006430A0 /* 44_no_sort@2x.png */,
				7A77391B1751A7E3006430A0 /* 44_sort_down.png */,
				7A77391C1751A7E3006430A0 /* 44_sort_down@2x.png */,
				7A77391D1751A7E3006430A0 /* 44_sort_up.png */,
				7A77391E1751A7E3006430A0 /* 44_sort_up@2x.png */,
			);
			path = Resources;
			sourceTree = "<group>";
		};
		7A77392B1751A8A1006430A0 /* Factories */ = {
			isa = PBXGroup;
			children = (
				7A77392C1751A8B5006430A0 /* AlertViewsFactory.h */,
				7A77392D1751A8B5006430A0 /* AlertViewsFactory.m */,
			);
			path = Factories;
			sourceTree = "<group>";
		};
		7A9E0D71176535CC00E834D1 /* Categories */ = {
			isa = PBXGroup;
			children = (
				7A9E0D72176535CC00E834D1 /* NSDate+Utilities.h */,
				7A9E0D73176535CC00E834D1 /* NSDate+Utilities.m */,
			);
			path = Categories;
			sourceTree = "<group>";
		};
		A112FF2F17775307003A33EE /* Input Views */ = {
			isa = PBXGroup;
			children = (
				A112FF3017775346003A33EE /* FirstInputDataView.h */,
				A112FF3117775346003A33EE /* FirstInputDataView.m */,
				A112FF331777539C003A33EE /* InputDataView.h */,
				A112FF341777539C003A33EE /* InputDataView.m */,
			);
			name = "Input Views";
			sourceTree = "<group>";
		};
		A112FF36177763FF003A33EE /* Property lists */ = {
			isa = PBXGroup;
			children = (
				A112FF3717776459003A33EE /* Messages.plist */,
			);
			path = "Property lists";
			sourceTree = "<group>";
		};
		A1EA03151753CEAC0030B611 /* Controllers */ = {
			isa = PBXGroup;
			children = (
				A112FF2F17775307003A33EE /* Input Views */,
				A1EA03161753CEAC0030B611 /* MainMenuViewController.h */,
				A1EA03171753CEAC0030B611 /* MainMenuViewController.m */,
				7A6D6F201763E31600F45108 /* CashFlowViewController.h */,
				7A6D6F211763E31600F45108 /* CashFlowViewController.m */,
			);
			path = Controllers;
			sourceTree = "<group>";
		};
		A1EA03191753D4980030B611 /* Protocols */ = {
			isa = PBXGroup;
			children = (
				A1EA031A1753D4980030B611 /* Controllers */,
				A1EA031C1753D4980030B611 /* Others */,
			);
			path = Protocols;
			sourceTree = "<group>";
		};
		A1EA031A1753D4980030B611 /* Controllers */ = {
			isa = PBXGroup;
			children = (
			);
			path = Controllers;
			sourceTree = "<group>";
		};
		A1EA031C1753D4980030B611 /* Others */ = {
			isa = PBXGroup;
			children = (
			);
			path = Others;
			sourceTree = "<group>";
		};
		A1EA03201753D4CB0030B611 /* Images */ = {
			isa = PBXGroup;
			children = (
				A112FF2A17773AD4003A33EE /* bg_cork.png */,
				A112FF2B17773AD4003A33EE /* bg_cork@2x.png */,
			);
			path = Images;
			sourceTree = "<group>";
		};
		A1EA03231753D5A60030B611 /* Custom Views */ = {
			isa = PBXGroup;
			children = (
				A1EA03241753D5A60030B611 /* Code */,
				A1EA03251753D5A60030B611 /* XIB */,
			);
			path = "Custom Views";
			sourceTree = "<group>";
		};
		A1EA03241753D5A60030B611 /* Code */ = {
			isa = PBXGroup;
			children = (
			);
			path = Code;
			sourceTree = "<group>";
		};
		A1EA03251753D5A60030B611 /* XIB */ = {
			isa = PBXGroup;
			children = (
			);
			path = XIB;
			sourceTree = "<group>";
		};
		A1EA03261753D73B0030B611 /* Libraries */ = {
			isa = PBXGroup;
			children = (
			);
			path = Libraries;
			sourceTree = "<group>";
		};
/* End PBXGroup section */

/* Begin PBXNativeTarget section */
		7A4BCD0317519E5A00901881 /* CashFlow */ = {
			isa = PBXNativeTarget;
			buildConfigurationList = 7A4BCD2617519E5A00901881 /* Build configuration list for PBXNativeTarget "CashFlow" */;
			buildPhases = (
				7A4BCD0017519E5A00901881 /* Sources */,
				7A4BCD0117519E5A00901881 /* Frameworks */,
				7A4BCD0217519E5A00901881 /* Resources */,
			);
			buildRules = (
			);
			dependencies = (
			);
			name = CashFlow;
			productName = CashFlow;
			productReference = 7A4BCD0417519E5A00901881 /* CashFlow.app */;
			productType = "com.apple.product-type.application";
		};
/* End PBXNativeTarget section */

/* Begin PBXProject section */
		7A4BCCFC17519E5A00901881 /* Project object */ = {
			isa = PBXProject;
			attributes = {
				LastUpgradeCheck = 0460;
				ORGANIZATIONNAME = UPCFinance;
			};
			buildConfigurationList = 7A4BCCFF17519E5A00901881 /* Build configuration list for PBXProject "CashFlow" */;
			compatibilityVersion = "Xcode 3.2";
			developmentRegion = English;
			hasScannedForEncodings = 0;
			knownRegions = (
				en,
			);
			mainGroup = 7A4BCCFB17519E5A00901881;
			productRefGroup = 7A4BCD0517519E5A00901881 /* Products */;
			projectDirPath = "";
			projectRoot = "";
			targets = (
				7A4BCD0317519E5A00901881 /* CashFlow */,
			);
		};
/* End PBXProject section */

/* Begin PBXResourcesBuildPhase section */
		7A4BCD0217519E5A00901881 /* Resources */ = {
			isa = PBXResourcesBuildPhase;
			buildActionMask = 2147483647;
			files = (
				7A4BCD1417519E5A00901881 /* InfoPlist.strings in Resources */,
				7A4BCD4A1751A62600901881 /* MainStoryboard.storyboard in Resources */,
				7A7739201751A7E3006430A0 /* 44_no_sort.png in Resources */,
				7A7739211751A7E3006430A0 /* 44_no_sort@2x.png in Resources */,
				7A7739221751A7E3006430A0 /* 44_sort_down.png in Resources */,
				7A7739231751A7E3006430A0 /* 44_sort_down@2x.png in Resources */,
				7A7739241751A7E3006430A0 /* 44_sort_up.png in Resources */,
				7A7739251751A7E3006430A0 /* 44_sort_up@2x.png in Resources */,
				A112FF2C17773AD4003A33EE /* bg_cork.png in Resources */,
				A112FF2D17773AD4003A33EE /* bg_cork@2x.png in Resources */,
				A112FF3817776459003A33EE /* Messages.plist in Resources */,
			);
			runOnlyForDeploymentPostprocessing = 0;
		};
/* End PBXResourcesBuildPhase section */

/* Begin PBXSourcesBuildPhase section */
		7A4BCD0017519E5A00901881 /* Sources */ = {
			isa = PBXSourcesBuildPhase;
			buildActionMask = 2147483647;
			files = (
				7A4BCD1617519E5A00901881 /* main.m in Sources */,
				7A4BCD2C17519FFA00901881 /* AppDelegate.m in Sources */,
				7A4BCD401751A01E00901881 /* CashFlow.xcdatamodeld in Sources */,
				7A4BCD431751A1D400901881 /* UnitOfWork.m in Sources */,
				7A77392E1751A8B5006430A0 /* AlertViewsFactory.m in Sources */,
				7A7739341751A9DE006430A0 /* GenericRepository.m in Sources */,
				7A7739371751AADC006430A0 /* GenericService.m in Sources */,
				7A4891A21751D33C00086E39 /* CashFlowService.m in Sources */,
				7A4891A51751D36400086E39 /* CashFlowsRepository.m in Sources */,
				7A4891A81751D37200086E39 /* PeriodsRepository.m in Sources */,
				7A4891AB1751D38000086E39 /* PeriodInputDataRepository.m in Sources */,
				7A67C7721751F91B00136E15 /* IncomeTaxesExpenses.m in Sources */,
				7A67C7731751F91B00136E15 /* LoanExpenses.m in Sources */,
				7A67C7741751F91B00136E15 /* ManpowerExpenses.m in Sources */,
				7A67C7751751F91B00136E15 /* PeriodCashFlow.m in Sources */,
				7A67C7761751F91B00136E15 /* PeriodExpenses.m in Sources */,
				7A67C7771751F91B00136E15 /* PeriodIncomes.m in Sources */,
				7A67C7781751F91B00136E15 /* RawMaterialExpenses.m in Sources */,
				7A67C7791751F91B00136E15 /* SalaryExpenses.m in Sources */,
				7A67C77A1751F91B00136E15 /* SalesIncomes.m in Sources */,
				7A67C77B1751F91B00136E15 /* PeriodPlannedCashFlow.m in Sources */,
				7A67C77C1751F91B00136E15 /* PeriodPlannedCashFlowSummary.m in Sources */,
				7A67C77D1751F91B00136E15 /* PeriodPlannedExpenses.m in Sources */,
				7A67C77E1751F91B00136E15 /* PeriodPlannedIncomes.m in Sources */,
				A1EA03181753CEAC0030B611 /* MainMenuViewController.m in Sources */,
				7A6D6F221763E31600F45108 /* CashFlowViewController.m in Sources */,
				7A9E0D74176535CC00E834D1 /* NSDate+Utilities.m in Sources */,
				7A9E0D771765516000E834D1 /* CashFlow.m in Sources */,
				7A9E0D7A1765516100E834D1 /* PeriodInputData.m in Sources */,
				7A9E0D7D1765516100E834D1 /* Period.m in Sources */,
				7A9E0D9317655C1400E834D1 /* FirstPeriodInputData.m in Sources */,
				7A9E0D961765930D00E834D1 /* FirstPeriodInputDataRepository.m in Sources */,
				7A0EFA5A177675C700C245B3 /* ProcessedCashFlow.m in Sources */,
				A112FF3217775346003A33EE /* FirstInputDataView.m in Sources */,
				A112FF351777539C003A33EE /* InputDataView.m in Sources */,
			);
			runOnlyForDeploymentPostprocessing = 0;
		};
/* End PBXSourcesBuildPhase section */

/* Begin PBXVariantGroup section */
		7A4BCD1217519E5A00901881 /* InfoPlist.strings */ = {
			isa = PBXVariantGroup;
			children = (
				7A4BCD1317519E5A00901881 /* en */,
			);
			name = InfoPlist.strings;
			sourceTree = "<group>";
		};
/* End PBXVariantGroup section */

/* Begin XCBuildConfiguration section */
		7A4BCD2417519E5A00901881 /* Debug */ = {
			isa = XCBuildConfiguration;
			buildSettings = {
				ALWAYS_SEARCH_USER_PATHS = NO;
				CLANG_CXX_LANGUAGE_STANDARD = "gnu++0x";
				CLANG_CXX_LIBRARY = "libc++";
				CLANG_ENABLE_OBJC_ARC = YES;
				CLANG_WARN_CONSTANT_CONVERSION = YES;
				CLANG_WARN_EMPTY_BODY = YES;
				CLANG_WARN_ENUM_CONVERSION = YES;
				CLANG_WARN_INT_CONVERSION = YES;
				CLANG_WARN__DUPLICATE_METHOD_MATCH = YES;
				"CODE_SIGN_IDENTITY[sdk=iphoneos*]" = "iPhone Developer";
				COPY_PHASE_STRIP = NO;
				GCC_C_LANGUAGE_STANDARD = gnu99;
				GCC_DYNAMIC_NO_PIC = NO;
				GCC_OPTIMIZATION_LEVEL = 0;
				GCC_PREPROCESSOR_DEFINITIONS = (
					"DEBUG=1",
					"$(inherited)",
				);
				GCC_SYMBOLS_PRIVATE_EXTERN = NO;
				GCC_WARN_ABOUT_RETURN_TYPE = YES;
				GCC_WARN_UNINITIALIZED_AUTOS = YES;
				GCC_WARN_UNUSED_VARIABLE = YES;
				IPHONEOS_DEPLOYMENT_TARGET = 6.0;
				ONLY_ACTIVE_ARCH = YES;
				SDKROOT = iphoneos;
				TARGETED_DEVICE_FAMILY = 2;
			};
			name = Debug;
		};
		7A4BCD2517519E5A00901881 /* Release */ = {
			isa = XCBuildConfiguration;
			buildSettings = {
				ALWAYS_SEARCH_USER_PATHS = NO;
				CLANG_CXX_LANGUAGE_STANDARD = "gnu++0x";
				CLANG_CXX_LIBRARY = "libc++";
				CLANG_ENABLE_OBJC_ARC = YES;
				CLANG_WARN_CONSTANT_CONVERSION = YES;
				CLANG_WARN_EMPTY_BODY = YES;
				CLANG_WARN_ENUM_CONVERSION = YES;
				CLANG_WARN_INT_CONVERSION = YES;
				CLANG_WARN__DUPLICATE_METHOD_MATCH = YES;
				"CODE_SIGN_IDENTITY[sdk=iphoneos*]" = "iPhone Developer";
				COPY_PHASE_STRIP = YES;
				GCC_C_LANGUAGE_STANDARD = gnu99;
				GCC_WARN_ABOUT_RETURN_TYPE = YES;
				GCC_WARN_UNINITIALIZED_AUTOS = YES;
				GCC_WARN_UNUSED_VARIABLE = YES;
				IPHONEOS_DEPLOYMENT_TARGET = 6.0;
				OTHER_CFLAGS = "-DNS_BLOCK_ASSERTIONS=1";
				SDKROOT = iphoneos;
				TARGETED_DEVICE_FAMILY = 2;
				VALIDATE_PRODUCT = YES;
			};
			name = Release;
		};
		7A4BCD2717519E5A00901881 /* Debug */ = {
			isa = XCBuildConfiguration;
			buildSettings = {
				FRAMEWORK_SEARCH_PATHS = (
					"$(inherited)",
					"\"$(SRCROOT)/Frameworks\"",
					"\"$(SRCROOT)/Frameworks/ShinobiGrids.embeddedframework\"",
				);
				GCC_PRECOMPILE_PREFIX_HEADER = YES;
				GCC_PREFIX_HEADER = "CashFlow/CashFlow-Prefix.pch";
				INFOPLIST_FILE = "CashFlow/CashFlow-Info.plist";
				IPHONEOS_DEPLOYMENT_TARGET = 6.0;
				PRODUCT_NAME = "$(TARGET_NAME)";
				WRAPPER_EXTENSION = app;
			};
			name = Debug;
		};
		7A4BCD2817519E5A00901881 /* Release */ = {
			isa = XCBuildConfiguration;
			buildSettings = {
				FRAMEWORK_SEARCH_PATHS = (
					"$(inherited)",
					"\"$(SRCROOT)/Frameworks\"",
					"\"$(SRCROOT)/Frameworks/ShinobiGrids.embeddedframework\"",
				);
				GCC_PRECOMPILE_PREFIX_HEADER = YES;
				GCC_PREFIX_HEADER = "CashFlow/CashFlow-Prefix.pch";
				INFOPLIST_FILE = "CashFlow/CashFlow-Info.plist";
				IPHONEOS_DEPLOYMENT_TARGET = 6.0;
				PRODUCT_NAME = "$(TARGET_NAME)";
				WRAPPER_EXTENSION = app;
			};
			name = Release;
		};
/* End XCBuildConfiguration section */

/* Begin XCConfigurationList section */
		7A4BCCFF17519E5A00901881 /* Build configuration list for PBXProject "CashFlow" */ = {
			isa = XCConfigurationList;
			buildConfigurations = (
				7A4BCD2417519E5A00901881 /* Debug */,
				7A4BCD2517519E5A00901881 /* Release */,
			);
			defaultConfigurationIsVisible = 0;
			defaultConfigurationName = Release;
		};
		7A4BCD2617519E5A00901881 /* Build configuration list for PBXNativeTarget "CashFlow" */ = {
			isa = XCConfigurationList;
			buildConfigurations = (
				7A4BCD2717519E5A00901881 /* Debug */,
				7A4BCD2817519E5A00901881 /* Release */,
			);
			defaultConfigurationIsVisible = 0;
			defaultConfigurationName = Release;
		};
/* End XCConfigurationList section */

/* Begin XCVersionGroup section */
		7A4BCD301751A01E00901881 /* CashFlow.xcdatamodeld */ = {
			isa = XCVersionGroup;
			children = (
				7A4BCD311751A01E00901881 /* CashFlow.xcdatamodel */,
			);
			currentVersion = 7A4BCD311751A01E00901881 /* CashFlow.xcdatamodel */;
			path = CashFlow.xcdatamodeld;
			sourceTree = "<group>";
			versionGroupType = wrapper.xcdatamodel;
		};
/* End XCVersionGroup section */
	};
	rootObject = 7A4BCCFC17519E5A00901881 /* Project object */;
}
